
Microsoft Visual Studio Solution File, Format Version 12.00
# Visual Studio 15
VisualStudioVersion = 15.0.28307.271
MinimumVisualStudioVersion = 10.0.40219.1
Project("{FAE04EC0-301F-11D3-BF4B-00C04F79EFBC}") = "youtubeAPI", "youtubeAPI\youtubeAPI.csproj", "{745AA65B-54BE-4365-9DFD-3508F2BD57D9}"
EndProject
Global
	GlobalSection(SolutionConfigurationPlatforms) = preSolution
		Debug|Any CPU = Debug|Any CPU
		Release|Any CPU = Release|Any CPU
	EndGlobalSection
	GlobalSection(ProjectConfigurationPlatforms) = postSolution
		{745AA65B-54BE-4365-9DFD-3508F2BD57D9}.Debug|Any CPU.ActiveCfg = Debug|Any CPU
		{745AA65B-54BE-4365-9DFD-3508F2BD57D9}.Debug|Any CPU.Build.0 = Debug|Any CPU
		{745AA65B-54BE-4365-9DFD-3508F2BD57D9}.Release|Any CPU.ActiveCfg = Release|Any CPU
		{745AA65B-54BE-4365-9DFD-3508F2BD57D9}.Release|Any CPU.Build.0 = Release|Any CPU
	EndGlobalSection
	GlobalSection(SolutionProperties) = preSolution
		HideSolutionNode = FALSE
	EndGlobalSection
	GlobalSection(ExtensibilityGlobals) = postSolution
		SolutionGuid = {24D2C4AA-DA7C-4C8A-9F15-4CD8BF6F0265}
	EndGlobalSection
EndGlobal
